
Microsoft Visual Studio Solution File, Format Version 12.00
# Visual Studio Version 17
VisualStudioVersion = 17.11.35312.102
MinimumVisualStudioVersion = 10.0.40219.1
Project("{FAE04EC0-301F-11D3-BF4B-00C04F79EFBC}") = "G0tLib", "G0tLib\G0tLib.csproj", "{AB3B3379-35DC-47A5-B1EE-664008C4A765}"
EndProject
Project("{FAE04EC0-301F-11D3-BF4B-00C04F79EFBC}") = "G0t.CLI", "G0t.CLI\G0t.CLI.csproj", "{8F6EAEF1-310E-4048-A9D3-5E6AA8EBF8C2}"
EndProject
Project("{FAE04EC0-301F-11D3-BF4B-00C04F79EFBC}") = "G0tLib.UnitTests", "G0tLib.UnitTests\G0tLib.UnitTests.csproj", "{A16B796F-E8DF-4579-9FE1-C07964EE062D}"
EndProject
Global
	GlobalSection(SolutionConfigurationPlatforms) = preSolution
		Debug|Any CPU = Debug|Any CPU
		Release|Any CPU = Release|Any CPU
	EndGlobalSection
	GlobalSection(ProjectConfigurationPlatforms) = postSolution
		{AB3B3379-35DC-47A5-B1EE-664008C4A765}.Debug|Any CPU.ActiveCfg = Debug|Any CPU
		{AB3B3379-35DC-47A5-B1EE-664008C4A765}.Debug|Any CPU.Build.0 = Debug|Any CPU
		{AB3B3379-35DC-47A5-B1EE-664008C4A765}.Release|Any CPU.ActiveCfg = Release|Any CPU
		{AB3B3379-35DC-47A5-B1EE-664008C4A765}.Release|Any CPU.Build.0 = Release|Any CPU
		{8F6EAEF1-310E-4048-A9D3-5E6AA8EBF8C2}.Debug|Any CPU.ActiveCfg = Debug|Any CPU
		{8F6EAEF1-310E-4048-A9D3-5E6AA8EBF8C2}.Debug|Any CPU.Build.0 = Debug|Any CPU
		{8F6EAEF1-310E-4048-A9D3-5E6AA8EBF8C2}.Release|Any CPU.ActiveCfg = Release|Any CPU
		{8F6EAEF1-310E-4048-A9D3-5E6AA8EBF8C2}.Release|Any CPU.Build.0 = Release|Any CPU
		{A16B796F-E8DF-4579-9FE1-C07964EE062D}.Debug|Any CPU.ActiveCfg = Debug|Any CPU
		{A16B796F-E8DF-4579-9FE1-C07964EE062D}.Debug|Any CPU.Build.0 = Debug|Any CPU
		{A16B796F-E8DF-4579-9FE1-C07964EE062D}.Release|Any CPU.ActiveCfg = Release|Any CPU
		{A16B796F-E8DF-4579-9FE1-C07964EE062D}.Release|Any CPU.Build.0 = Release|Any CPU
	EndGlobalSection
	GlobalSection(SolutionProperties) = preSolution
		HideSolutionNode = FALSE
	EndGlobalSection
	GlobalSection(ExtensibilityGlobals) = postSolution
		SolutionGuid = {8C148C64-B692-4807-844B-06321624838F}
	EndGlobalSection
EndGlobal
